// !$*UTF8*$!
{
	archiveVersion = 1;
	classes = {
	};
	objectVersion = 46;
	objects = {

/* Begin PBXBuildFile section */
		9425217E16121EEB00C15007 /* libjson-glib.framework in Frameworks */ = {isa = PBXBuildFile; fileRef = 9425217D16121EEB00C15007 /* libjson-glib.framework */; };
		9430AB0A160F262B00332732 /* memcpy_extra.c in Sources */ = {isa = PBXBuildFile; fileRef = 9430AB09160F262B00332732 /* memcpy_extra.c */; };
		9430AB6B160F92DF00332732 /* GTMObjC2Runtime.m in Sources */ = {isa = PBXBuildFile; fileRef = 9430AB68160F92DF00332732 /* GTMObjC2Runtime.m */; };
		9430AB6C160F92DF00332732 /* GTMStackTrace.m in Sources */ = {isa = PBXBuildFile; fileRef = 9430AB6A160F92DF00332732 /* GTMStackTrace.m */; };
		9448CE4316161A88008EDC62 /* yajl_version.h.cmake in Resources */ = {isa = PBXBuildFile; fileRef = 9448CE3016161A87008EDC62 /* yajl_version.h.cmake */; };
		9448CE4416161A88008EDC62 /* CMakeLists.txt in Resources */ = {isa = PBXBuildFile; fileRef = 9448CE3116161A87008EDC62 /* CMakeLists.txt */; };
		9448CE4516161A88008EDC62 /* yajl in Resources */ = {isa = PBXBuildFile; fileRef = 9448CE3216161A87008EDC62 /* yajl */; };
		9448CE4616161A88008EDC62 /* yajl.c in Sources */ = {isa = PBXBuildFile; fileRef = 9448CE3316161A87008EDC62 /* yajl.c */; };
		9448CE4716161A88008EDC62 /* YAJL.dxy in Resources */ = {isa = PBXBuildFile; fileRef = 9448CE3416161A87008EDC62 /* YAJL.dxy */; };
		9448CE4816161A88008EDC62 /* yajl_alloc.c in Sources */ = {isa = PBXBuildFile; fileRef = 9448CE3516161A87008EDC62 /* yajl_alloc.c */; };
		9448CE4916161A88008EDC62 /* yajl_buf.c in Sources */ = {isa = PBXBuildFile; fileRef = 9448CE3716161A87008EDC62 /* yajl_buf.c */; };
		9448CE4A16161A88008EDC62 /* yajl_encode.c in Sources */ = {isa = PBXBuildFile; fileRef = 9448CE3A16161A87008EDC62 /* yajl_encode.c */; };
		9448CE4B16161A88008EDC62 /* yajl_gen.c in Sources */ = {isa = PBXBuildFile; fileRef = 9448CE3C16161A87008EDC62 /* yajl_gen.c */; };
		9448CE4C16161A88008EDC62 /* yajl_lex.c in Sources */ = {isa = PBXBuildFile; fileRef = 9448CE3D16161A87008EDC62 /* yajl_lex.c */; };
		9448CE4D16161A88008EDC62 /* yajl_parser.c in Sources */ = {isa = PBXBuildFile; fileRef = 9448CE3F16161A87008EDC62 /* yajl_parser.c */; };
		9448CE4E16161A88008EDC62 /* yajl_tree.c in Sources */ = {isa = PBXBuildFile; fileRef = 9448CE4116161A87008EDC62 /* yajl_tree.c */; };
		9448CE4F16161A88008EDC62 /* yajl_version.c in Sources */ = {isa = PBXBuildFile; fileRef = 9448CE4216161A87008EDC62 /* yajl_version.c */; };
		945D3B7616022CE600AF6E0C /* Niupai-small.png in Resources */ = {isa = PBXBuildFile; fileRef = 945D3B7416022CE600AF6E0C /* Niupai-small.png */; };
		945D3B7716022CE600AF6E0C /* Niupai.png in Resources */ = {isa = PBXBuildFile; fileRef = 945D3B7516022CE600AF6E0C /* Niupai.png */; };
		945D3B7C16022D1900AF6E0C /* PurpleDefaultsNiupai.plist in Resources */ = {isa = PBXBuildFile; fileRef = 945D3B7B16022D1900AF6E0C /* PurpleDefaultsNiupai.plist */; };
		9480B4B816018361000A5CA7 /* Cocoa.framework in Frameworks */ = {isa = PBXBuildFile; fileRef = 9480B4B716018361000A5CA7 /* Cocoa.framework */; };
		9480B4C216018361000A5CA7 /* InfoPlist.strings in Resources */ = {isa = PBXBuildFile; fileRef = 9480B4C016018361000A5CA7 /* InfoPlist.strings */; };
		9480B4DA160184CB000A5CA7 /* Adium.framework in Frameworks */ = {isa = PBXBuildFile; fileRef = 9480B4D2160184CB000A5CA7 /* Adium.framework */; };
		9480B4DB160184CB000A5CA7 /* AdiumLibpurple.framework in Frameworks */ = {isa = PBXBuildFile; fileRef = 9480B4D3160184CB000A5CA7 /* AdiumLibpurple.framework */; };
		9480B4DC160184CB000A5CA7 /* AIUtilities.framework in Frameworks */ = {isa = PBXBuildFile; fileRef = 9480B4D4160184CB000A5CA7 /* AIUtilities.framework */; };
		9480B4DD160184CB000A5CA7 /* libglib.framework in Frameworks */ = {isa = PBXBuildFile; fileRef = 9480B4D5160184CB000A5CA7 /* libglib.framework */; };
		9480B4DE160184CB000A5CA7 /* libgmodule.framework in Frameworks */ = {isa = PBXBuildFile; fileRef = 9480B4D6160184CB000A5CA7 /* libgmodule.framework */; };
		9480B4DF160184CB000A5CA7 /* libintl.framework in Frameworks */ = {isa = PBXBuildFile; fileRef = 9480B4D7160184CB000A5CA7 /* libintl.framework */; };
		9480B4E0160184CB000A5CA7 /* libmeanwhile.framework in Frameworks */ = {isa = PBXBuildFile; fileRef = 9480B4D8160184CB000A5CA7 /* libmeanwhile.framework */; };
		9480B4E716018533000A5CA7 /* NPService.m in Sources */ = {isa = PBXBuildFile; fileRef = 9480B4E616018533000A5CA7 /* NPService.m */; };
		9480B4EA16018772000A5CA7 /* NPAccount.m in Sources */ = {isa = PBXBuildFile; fileRef = 9480B4E916018772000A5CA7 /* NPAccount.m */; };
		9480B4ED1601878A000A5CA7 /* NPPlugin.m in Sources */ = {isa = PBXBuildFile; fileRef = 9480B4EC1601878A000A5CA7 /* NPPlugin.m */; };
		9491B31A160E19F500C60A69 /* README.md in Resources */ = {isa = PBXBuildFile; fileRef = 9491B319160E19F500C60A69 /* README.md */; };
		94FA1C4D16018B4B00A910C0 /* libpurple.framework in Frameworks */ = {isa = PBXBuildFile; fileRef = 94FA1C4C16018B4B00A910C0 /* libpurple.framework */; };
		94FB360116199C4700F3567F /* nullprpl.c in Sources */ = {isa = PBXBuildFile; fileRef = 94FB360016199C4700F3567F /* nullprpl.c */; };
		94FD7C76160B6DEA008AF095 /* buddy.c in Sources */ = {isa = PBXBuildFile; fileRef = 94FD7C52160B6DEA008AF095 /* buddy.c */; };
		94FD7C77160B6DEA008AF095 /* buddy_list.c in Sources */ = {isa = PBXBuildFile; fileRef = 94FD7C54160B6DEA008AF095 /* buddy_list.c */; };
		94FD7C78160B6DEA008AF095 /* cmdproc.c in Sources */ = {isa = PBXBuildFile; fileRef = 94FD7C56160B6DEA008AF095 /* cmdproc.c */; };
		94FD7C79160B6DEA008AF095 /* directconn.c in Sources */ = {isa = PBXBuildFile; fileRef = 94FD7C58160B6DEA008AF095 /* directconn.c */; };
		94FD7C7A160B6DEA008AF095 /* error.c in Sources */ = {isa = PBXBuildFile; fileRef = 94FD7C5A160B6DEA008AF095 /* error.c */; };
		94FD7C7B160B6DEA008AF095 /* group.c in Sources */ = {isa = PBXBuildFile; fileRef = 94FD7C5C160B6DEA008AF095 /* group.c */; };
		94FD7C7E160B6DEA008AF095 /* niupai.c in Sources */ = {isa = PBXBuildFile; fileRef = 94FD7C64160B6DEA008AF095 /* niupai.c */; };
		94FD7C7F160B6DEA008AF095 /* session.c in Sources */ = {isa = PBXBuildFile; fileRef = 94FD7C66160B6DEA008AF095 /* session.c */; };
		94FD7C80160B6DEA008AF095 /* notification.c in Sources */ = {isa = PBXBuildFile; fileRef = 94FD7C68160B6DEA008AF095 /* notification.c */; };
		94FD7C81160B6DEA008AF095 /* servconn.c in Sources */ = {isa = PBXBuildFile; fileRef = 94FD7C6B160B6DEA008AF095 /* servconn.c */; };
		94FD7C82160B6DEA008AF095 /* state.c in Sources */ = {isa = PBXBuildFile; fileRef = 94FD7C6D160B6DEA008AF095 /* state.c */; };
		94FD7C83160B6DEA008AF095 /* transaction.c in Sources */ = {isa = PBXBuildFile; fileRef = 94FD7C6F160B6DEA008AF095 /* transaction.c */; };
		94FD7C84160B6DEA008AF095 /* user.c in Sources */ = {isa = PBXBuildFile; fileRef = 94FD7C71160B6DEA008AF095 /* user.c */; };
		94FD7C85160B6DEA008AF095 /* userlist.c in Sources */ = {isa = PBXBuildFile; fileRef = 94FD7C73160B6DEA008AF095 /* userlist.c */; };
		94FD7C88160B6E15008AF095 /* history.c in Sources */ = {isa = PBXBuildFile; fileRef = 94FD7C86160B6E15008AF095 /* history.c */; };
		94FD7C8B160B6E23008AF095 /* msg.c in Sources */ = {isa = PBXBuildFile; fileRef = 94FD7C89160B6E23008AF095 /* msg.c */; };
		94FD7C8E160B6E3B008AF095 /* table.c in Sources */ = {isa = PBXBuildFile; fileRef = 94FD7C8C160B6E3B008AF095 /* table.c */; };
		94FD7C91160B6EEA008AF095 /* command.c in Sources */ = {isa = PBXBuildFile; fileRef = 94FD7C8F160B6EEA008AF095 /* command.c */; };
		94FD7C94160B715B008AF095 /* switchboard.c in Sources */ = {isa = PBXBuildFile; fileRef = 94FD7C92160B715A008AF095 /* switchboard.c */; };
		94FD7C97160B7587008AF095 /* nputils.c in Sources */ = {isa = PBXBuildFile; fileRef = 94FD7C95160B7586008AF095 /* nputils.c */; };
		94FF04B4161060F2004BDC66 /* nphttputil.c in Sources */ = {isa = PBXBuildFile; fileRef = 94FF04B3161060F1004BDC66 /* nphttputil.c */; };
/* End PBXBuildFile section */

/* Begin PBXFileReference section */
		9425217D16121EEB00C15007 /* libjson-glib.framework */ = {isa = PBXFileReference; lastKnownFileType = wrapper.framework; path = "libjson-glib.framework"; sourceTree = "<group>"; };
		9430AB09160F262B00332732 /* memcpy_extra.c */ = {isa = PBXFileReference; fileEncoding = 4; lastKnownFileType = sourcecode.c.c; path = memcpy_extra.c; sourceTree = "<group>"; };
		9430AB0C160F263800332732 /* memcpy_extra.h */ = {isa = PBXFileReference; fileEncoding = 4; lastKnownFileType = sourcecode.c.h; path = memcpy_extra.h; sourceTree = "<group>"; };
		9430AB67160F92DE00332732 /* GTMObjC2Runtime.h */ = {isa = PBXFileReference; fileEncoding = 4; lastKnownFileType = sourcecode.c.h; path = GTMObjC2Runtime.h; sourceTree = "<group>"; };
		9430AB68160F92DF00332732 /* GTMObjC2Runtime.m */ = {isa = PBXFileReference; fileEncoding = 4; lastKnownFileType = sourcecode.c.objc; path = GTMObjC2Runtime.m; sourceTree = "<group>"; };
		9430AB69160F92DF00332732 /* GTMStackTrace.h */ = {isa = PBXFileReference; fileEncoding = 4; lastKnownFileType = sourcecode.c.h; path = GTMStackTrace.h; sourceTree = "<group>"; };
		9430AB6A160F92DF00332732 /* GTMStackTrace.m */ = {isa = PBXFileReference; fileEncoding = 4; lastKnownFileType = sourcecode.c.objc; path = GTMStackTrace.m; sourceTree = "<group>"; };
		9448CE2516161A87008EDC62 /* yajl_common.h */ = {isa = PBXFileReference; fileEncoding = 4; lastKnownFileType = sourcecode.c.h; path = yajl_common.h; sourceTree = "<group>"; };
		9448CE2616161A87008EDC62 /* yajl_gen.h */ = {isa = PBXFileReference; fileEncoding = 4; lastKnownFileType = sourcecode.c.h; path = yajl_gen.h; sourceTree = "<group>"; };
		9448CE2716161A87008EDC62 /* yajl_parse.h */ = {isa = PBXFileReference; fileEncoding = 4; lastKnownFileType = sourcecode.c.h; path = yajl_parse.h; sourceTree = "<group>"; };
		9448CE2816161A87008EDC62 /* yajl_tree.h */ = {isa = PBXFileReference; fileEncoding = 4; lastKnownFileType = sourcecode.c.h; path = yajl_tree.h; sourceTree = "<group>"; };
		9448CE2916161A87008EDC62 /* yajl_version.h */ = {isa = PBXFileReference; fileEncoding = 4; lastKnownFileType = sourcecode.c.h; path = yajl_version.h; sourceTree = "<group>"; };
		9448CE2C16161A87008EDC62 /* yajl_common.h */ = {isa = PBXFileReference; fileEncoding = 4; lastKnownFileType = sourcecode.c.h; path = yajl_common.h; sourceTree = "<group>"; };
		9448CE2D16161A87008EDC62 /* yajl_gen.h */ = {isa = PBXFileReference; fileEncoding = 4; lastKnownFileType = sourcecode.c.h; path = yajl_gen.h; sourceTree = "<group>"; };
		9448CE2E16161A87008EDC62 /* yajl_parse.h */ = {isa = PBXFileReference; fileEncoding = 4; lastKnownFileType = sourcecode.c.h; path = yajl_parse.h; sourceTree = "<group>"; };
		9448CE2F16161A87008EDC62 /* yajl_tree.h */ = {isa = PBXFileReference; fileEncoding = 4; lastKnownFileType = sourcecode.c.h; path = yajl_tree.h; sourceTree = "<group>"; };
		9448CE3016161A87008EDC62 /* yajl_version.h.cmake */ = {isa = PBXFileReference; fileEncoding = 4; lastKnownFileType = text; path = yajl_version.h.cmake; sourceTree = "<group>"; };
		9448CE3116161A87008EDC62 /* CMakeLists.txt */ = {isa = PBXFileReference; fileEncoding = 4; lastKnownFileType = text; path = CMakeLists.txt; sourceTree = "<group>"; };
		9448CE3216161A87008EDC62 /* yajl */ = {isa = PBXFileReference; fileEncoding = 4; lastKnownFileType = text; path = yajl; sourceTree = "<group>"; };
		9448CE3316161A87008EDC62 /* yajl.c */ = {isa = PBXFileReference; fileEncoding = 4; lastKnownFileType = sourcecode.c.c; path = yajl.c; sourceTree = "<group>"; };
		9448CE3416161A87008EDC62 /* YAJL.dxy */ = {isa = PBXFileReference; fileEncoding = 4; lastKnownFileType = text; path = YAJL.dxy; sourceTree = "<group>"; };
		9448CE3516161A87008EDC62 /* yajl_alloc.c */ = {isa = PBXFileReference; fileEncoding = 4; lastKnownFileType = sourcecode.c.c; path = yajl_alloc.c; sourceTree = "<group>"; };
		9448CE3616161A87008EDC62 /* yajl_alloc.h */ = {isa = PBXFileReference; fileEncoding = 4; lastKnownFileType = sourcecode.c.h; path = yajl_alloc.h; sourceTree = "<group>"; };
		9448CE3716161A87008EDC62 /* yajl_buf.c */ = {isa = PBXFileReference; fileEncoding = 4; lastKnownFileType = sourcecode.c.c; path = yajl_buf.c; sourceTree = "<group>"; };
		9448CE3816161A87008EDC62 /* yajl_buf.h */ = {isa = PBXFileReference; fileEncoding = 4; lastKnownFileType = sourcecode.c.h; path = yajl_buf.h; sourceTree = "<group>"; };
		9448CE3916161A87008EDC62 /* yajl_bytestack.h */ = {isa = PBXFileReference; fileEncoding = 4; lastKnownFileType = sourcecode.c.h; path = yajl_bytestack.h; sourceTree = "<group>"; };
		9448CE3A16161A87008EDC62 /* yajl_encode.c */ = {isa = PBXFileReference; fileEncoding = 4; lastKnownFileType = sourcecode.c.c; path = yajl_encode.c; sourceTree = "<group>"; };
		9448CE3B16161A87008EDC62 /* yajl_encode.h */ = {isa = PBXFileReference; fileEncoding = 4; lastKnownFileType = sourcecode.c.h; path = yajl_encode.h; sourceTree = "<group>"; };
		9448CE3C16161A87008EDC62 /* yajl_gen.c */ = {isa = PBXFileReference; fileEncoding = 4; lastKnownFileType = sourcecode.c.c; path = yajl_gen.c; sourceTree = "<group>"; };
		9448CE3D16161A87008EDC62 /* yajl_lex.c */ = {isa = PBXFileReference; fileEncoding = 4; lastKnownFileType = sourcecode.c.c; path = yajl_lex.c; sourceTree = "<group>"; };
		9448CE3E16161A87008EDC62 /* yajl_lex.h */ = {isa = PBXFileReference; fileEncoding = 4; lastKnownFileType = sourcecode.c.h; path = yajl_lex.h; sourceTree = "<group>"; };
		9448CE3F16161A87008EDC62 /* yajl_parser.c */ = {isa = PBXFileReference; fileEncoding = 4; lastKnownFileType = sourcecode.c.c; path = yajl_parser.c; sourceTree = "<group>"; };
		9448CE4016161A87008EDC62 /* yajl_parser.h */ = {isa = PBXFileReference; fileEncoding = 4; lastKnownFileType = sourcecode.c.h; path = yajl_parser.h; sourceTree = "<group>"; };
		9448CE4116161A87008EDC62 /* yajl_tree.c */ = {isa = PBXFileReference; fileEncoding = 4; lastKnownFileType = sourcecode.c.c; path = yajl_tree.c; sourceTree = "<group>"; };
		9448CE4216161A87008EDC62 /* yajl_version.c */ = {isa = PBXFileReference; fileEncoding = 4; lastKnownFileType = sourcecode.c.c; path = yajl_version.c; sourceTree = "<group>"; };
		945D3B7416022CE600AF6E0C /* Niupai-small.png */ = {isa = PBXFileReference; lastKnownFileType = image.png; path = "Niupai-small.png"; sourceTree = "<group>"; };
		945D3B7516022CE600AF6E0C /* Niupai.png */ = {isa = PBXFileReference; lastKnownFileType = image.png; path = Niupai.png; sourceTree = "<group>"; };
		945D3B7B16022D1900AF6E0C /* PurpleDefaultsNiupai.plist */ = {isa = PBXFileReference; fileEncoding = 4; lastKnownFileType = text.plist.xml; path = PurpleDefaultsNiupai.plist; sourceTree = "<group>"; };
		9480B4B416018361000A5CA7 /* NiupaiOnAdium.AdiumLibpurplePlugin */ = {isa = PBXFileReference; explicitFileType = wrapper.cfbundle; includeInIndex = 0; path = NiupaiOnAdium.AdiumLibpurplePlugin; sourceTree = BUILT_PRODUCTS_DIR; };
		9480B4B716018361000A5CA7 /* Cocoa.framework */ = {isa = PBXFileReference; lastKnownFileType = wrapper.framework; name = Cocoa.framework; path = System/Library/Frameworks/Cocoa.framework; sourceTree = SDKROOT; };
		9480B4BA16018361000A5CA7 /* AppKit.framework */ = {isa = PBXFileReference; lastKnownFileType = wrapper.framework; name = AppKit.framework; path = System/Library/Frameworks/AppKit.framework; sourceTree = SDKROOT; };
		9480B4BC16018361000A5CA7 /* Foundation.framework */ = {isa = PBXFileReference; lastKnownFileType = wrapper.framework; name = Foundation.framework; path = System/Library/Frameworks/Foundation.framework; sourceTree = SDKROOT; };
		9480B4BF16018361000A5CA7 /* NiupaiOnAdium-Info.plist */ = {isa = PBXFileReference; lastKnownFileType = text.plist.xml; path = "NiupaiOnAdium-Info.plist"; sourceTree = "<group>"; };
		9480B4C116018361000A5CA7 /* en */ = {isa = PBXFileReference; lastKnownFileType = text.plist.strings; name = en; path = en.lproj/InfoPlist.strings; sourceTree = "<group>"; };
		9480B4C316018361000A5CA7 /* NiupaiOnAdium-Prefix.pch */ = {isa = PBXFileReference; lastKnownFileType = sourcecode.c.h; path = "NiupaiOnAdium-Prefix.pch"; sourceTree = "<group>"; };
		9480B4D2160184CB000A5CA7 /* Adium.framework */ = {isa = PBXFileReference; lastKnownFileType = wrapper.framework; path = Adium.framework; sourceTree = "<group>"; };
		9480B4D3160184CB000A5CA7 /* AdiumLibpurple.framework */ = {isa = PBXFileReference; lastKnownFileType = wrapper.framework; path = AdiumLibpurple.framework; sourceTree = "<group>"; };
		9480B4D4160184CB000A5CA7 /* AIUtilities.framework */ = {isa = PBXFileReference; lastKnownFileType = wrapper.framework; path = AIUtilities.framework; sourceTree = "<group>"; };
		9480B4D5160184CB000A5CA7 /* libglib.framework */ = {isa = PBXFileReference; lastKnownFileType = wrapper.framework; path = libglib.framework; sourceTree = "<group>"; };
		9480B4D6160184CB000A5CA7 /* libgmodule.framework */ = {isa = PBXFileReference; lastKnownFileType = wrapper.framework; path = libgmodule.framework; sourceTree = "<group>"; };
		9480B4D7160184CB000A5CA7 /* libintl.framework */ = {isa = PBXFileReference; lastKnownFileType = wrapper.framework; path = libintl.framework; sourceTree = "<group>"; };
		9480B4D8160184CB000A5CA7 /* libmeanwhile.framework */ = {isa = PBXFileReference; lastKnownFileType = wrapper.framework; path = libmeanwhile.framework; sourceTree = "<group>"; };
		9480B4E516018533000A5CA7 /* NPService.h */ = {isa = PBXFileReference; fileEncoding = 4; lastKnownFileType = sourcecode.c.h; path = NPService.h; sourceTree = "<group>"; };
		9480B4E616018533000A5CA7 /* NPService.m */ = {isa = PBXFileReference; fileEncoding = 4; lastKnownFileType = sourcecode.c.objc; path = NPService.m; sourceTree = "<group>"; };
		9480B4E816018772000A5CA7 /* NPAccount.h */ = {isa = PBXFileReference; fileEncoding = 4; lastKnownFileType = sourcecode.c.h; path = NPAccount.h; sourceTree = "<group>"; };
		9480B4E916018772000A5CA7 /* NPAccount.m */ = {isa = PBXFileReference; fileEncoding = 4; lastKnownFileType = sourcecode.c.objc; path = NPAccount.m; sourceTree = "<group>"; };
		9480B4EB1601878A000A5CA7 /* NPPlugin.h */ = {isa = PBXFileReference; fileEncoding = 4; lastKnownFileType = sourcecode.c.h; path = NPPlugin.h; sourceTree = "<group>"; };
		9480B4EC1601878A000A5CA7 /* NPPlugin.m */ = {isa = PBXFileReference; fileEncoding = 4; lastKnownFileType = sourcecode.c.objc; path = NPPlugin.m; sourceTree = "<group>"; };
		9491B319160E19F500C60A69 /* README.md */ = {isa = PBXFileReference; fileEncoding = 4; lastKnownFileType = text; name = README.md; path = ../README.md; sourceTree = "<group>"; };
		94FA1C4C16018B4B00A910C0 /* libpurple.framework */ = {isa = PBXFileReference; lastKnownFileType = wrapper.framework; path = libpurple.framework; sourceTree = "<group>"; };
		94FB360016199C4700F3567F /* nullprpl.c */ = {isa = PBXFileReference; fileEncoding = 4; lastKnownFileType = sourcecode.c.c; path = nullprpl.c; sourceTree = "<group>"; };
		94FD7C52160B6DEA008AF095 /* buddy.c */ = {isa = PBXFileReference; fileEncoding = 4; lastKnownFileType = sourcecode.c.c; path = buddy.c; sourceTree = "<group>"; };
		94FD7C53160B6DEA008AF095 /* buddy.h */ = {isa = PBXFileReference; fileEncoding = 4; lastKnownFileType = sourcecode.c.h; path = buddy.h; sourceTree = "<group>"; };
		94FD7C54160B6DEA008AF095 /* buddy_list.c */ = {isa = PBXFileReference; fileEncoding = 4; lastKnownFileType = sourcecode.c.c; path = buddy_list.c; sourceTree = "<group>"; };
		94FD7C55160B6DEA008AF095 /* buddy_list.h */ = {isa = PBXFileReference; fileEncoding = 4; lastKnownFileType = sourcecode.c.h; path = buddy_list.h; sourceTree = "<group>"; };
		94FD7C56160B6DEA008AF095 /* cmdproc.c */ = {isa = PBXFileReference; fileEncoding = 4; lastKnownFileType = sourcecode.c.c; path = cmdproc.c; sourceTree = "<group>"; };
		94FD7C57160B6DEA008AF095 /* cmdproc.h */ = {isa = PBXFileReference; fileEncoding = 4; lastKnownFileType = sourcecode.c.h; path = cmdproc.h; sourceTree = "<group>"; };
		94FD7C58160B6DEA008AF095 /* directconn.c */ = {isa = PBXFileReference; fileEncoding = 4; lastKnownFileType = sourcecode.c.c; path = directconn.c; sourceTree = "<group>"; };
		94FD7C59160B6DEA008AF095 /* directconn.h */ = {isa = PBXFileReference; fileEncoding = 4; lastKnownFileType = sourcecode.c.h; path = directconn.h; sourceTree = "<group>"; };
		94FD7C5A160B6DEA008AF095 /* error.c */ = {isa = PBXFileReference; fileEncoding = 4; lastKnownFileType = sourcecode.c.c; path = error.c; sourceTree = "<group>"; };
		94FD7C5B160B6DEA008AF095 /* error.h */ = {isa = PBXFileReference; fileEncoding = 4; lastKnownFileType = sourcecode.c.h; path = error.h; sourceTree = "<group>"; };
		94FD7C5C160B6DEA008AF095 /* group.c */ = {isa = PBXFileReference; fileEncoding = 4; lastKnownFileType = sourcecode.c.c; path = group.c; sourceTree = "<group>"; };
		94FD7C5D160B6DEA008AF095 /* group.h */ = {isa = PBXFileReference; fileEncoding = 4; lastKnownFileType = sourcecode.c.h; path = group.h; sourceTree = "<group>"; };
		94FD7C61160B6DEA008AF095 /* internal.h */ = {isa = PBXFileReference; fileEncoding = 4; lastKnownFileType = sourcecode.c.h; path = internal.h; sourceTree = "<group>"; };
		94FD7C64160B6DEA008AF095 /* niupai.c */ = {isa = PBXFileReference; fileEncoding = 4; lastKnownFileType = sourcecode.c.c; path = niupai.c; sourceTree = "<group>"; };
		94FD7C65160B6DEA008AF095 /* niupai.h */ = {isa = PBXFileReference; fileEncoding = 4; lastKnownFileType = sourcecode.c.h; path = niupai.h; sourceTree = "<group>"; };
		94FD7C66160B6DEA008AF095 /* session.c */ = {isa = PBXFileReference; fileEncoding = 4; lastKnownFileType = sourcecode.c.c; path = session.c; sourceTree = "<group>"; };
		94FD7C67160B6DEA008AF095 /* session.h */ = {isa = PBXFileReference; fileEncoding = 4; lastKnownFileType = sourcecode.c.h; path = session.h; sourceTree = "<group>"; };
		94FD7C68160B6DEA008AF095 /* notification.c */ = {isa = PBXFileReference; fileEncoding = 4; lastKnownFileType = sourcecode.c.c; path = notification.c; sourceTree = "<group>"; };
		94FD7C69160B6DEA008AF095 /* notification.h */ = {isa = PBXFileReference; fileEncoding = 4; lastKnownFileType = sourcecode.c.h; path = notification.h; sourceTree = "<group>"; };
		94FD7C6A160B6DEA008AF095 /* npconfig.h */ = {isa = PBXFileReference; fileEncoding = 4; lastKnownFileType = sourcecode.c.h; path = npconfig.h; sourceTree = "<group>"; };
		94FD7C6B160B6DEA008AF095 /* servconn.c */ = {isa = PBXFileReference; fileEncoding = 4; lastKnownFileType = sourcecode.c.c; path = servconn.c; sourceTree = "<group>"; };
		94FD7C6C160B6DEA008AF095 /* servconn.h */ = {isa = PBXFileReference; fileEncoding = 4; lastKnownFileType = sourcecode.c.h; path = servconn.h; sourceTree = "<group>"; };
		94FD7C6D160B6DEA008AF095 /* state.c */ = {isa = PBXFileReference; fileEncoding = 4; lastKnownFileType = sourcecode.c.c; path = state.c; sourceTree = "<group>"; };
		94FD7C6E160B6DEA008AF095 /* state.h */ = {isa = PBXFileReference; fileEncoding = 4; lastKnownFileType = sourcecode.c.h; path = state.h; sourceTree = "<group>"; };
		94FD7C6F160B6DEA008AF095 /* transaction.c */ = {isa = PBXFileReference; fileEncoding = 4; lastKnownFileType = sourcecode.c.c; path = transaction.c; sourceTree = "<group>"; };
		94FD7C70160B6DEA008AF095 /* transaction.h */ = {isa = PBXFileReference; fileEncoding = 4; lastKnownFileType = sourcecode.c.h; path = transaction.h; sourceTree = "<group>"; };
		94FD7C71160B6DEA008AF095 /* user.c */ = {isa = PBXFileReference; fileEncoding = 4; lastKnownFileType = sourcecode.c.c; path = user.c; sourceTree = "<group>"; };
		94FD7C72160B6DEA008AF095 /* user.h */ = {isa = PBXFileReference; fileEncoding = 4; lastKnownFileType = sourcecode.c.h; path = user.h; sourceTree = "<group>"; };
		94FD7C73160B6DEA008AF095 /* userlist.c */ = {isa = PBXFileReference; fileEncoding = 4; lastKnownFileType = sourcecode.c.c; path = userlist.c; sourceTree = "<group>"; };
		94FD7C74160B6DEA008AF095 /* userlist.h */ = {isa = PBXFileReference; fileEncoding = 4; lastKnownFileType = sourcecode.c.h; path = userlist.h; sourceTree = "<group>"; };
		94FD7C86160B6E15008AF095 /* history.c */ = {isa = PBXFileReference; fileEncoding = 4; lastKnownFileType = sourcecode.c.c; path = history.c; sourceTree = "<group>"; };
		94FD7C87160B6E15008AF095 /* history.h */ = {isa = PBXFileReference; fileEncoding = 4; lastKnownFileType = sourcecode.c.h; path = history.h; sourceTree = "<group>"; };
		94FD7C89160B6E23008AF095 /* msg.c */ = {isa = PBXFileReference; fileEncoding = 4; lastKnownFileType = sourcecode.c.c; path = msg.c; sourceTree = "<group>"; };
		94FD7C8A160B6E23008AF095 /* msg.h */ = {isa = PBXFileReference; fileEncoding = 4; lastKnownFileType = sourcecode.c.h; path = msg.h; sourceTree = "<group>"; };
		94FD7C8C160B6E3B008AF095 /* table.c */ = {isa = PBXFileReference; fileEncoding = 4; lastKnownFileType = sourcecode.c.c; path = table.c; sourceTree = "<group>"; };
		94FD7C8D160B6E3B008AF095 /* table.h */ = {isa = PBXFileReference; fileEncoding = 4; lastKnownFileType = sourcecode.c.h; path = table.h; sourceTree = "<group>"; };
		94FD7C8F160B6EEA008AF095 /* command.c */ = {isa = PBXFileReference; fileEncoding = 4; lastKnownFileType = sourcecode.c.c; path = command.c; sourceTree = "<group>"; };
		94FD7C90160B6EEA008AF095 /* command.h */ = {isa = PBXFileReference; fileEncoding = 4; lastKnownFileType = sourcecode.c.h; path = command.h; sourceTree = "<group>"; };
		94FD7C92160B715A008AF095 /* switchboard.c */ = {isa = PBXFileReference; fileEncoding = 4; lastKnownFileType = sourcecode.c.c; path = switchboard.c; sourceTree = "<group>"; };
		94FD7C93160B715A008AF095 /* switchboard.h */ = {isa = PBXFileReference; fileEncoding = 4; lastKnownFileType = sourcecode.c.h; path = switchboard.h; sourceTree = "<group>"; };
		94FD7C95160B7586008AF095 /* nputils.c */ = {isa = PBXFileReference; fileEncoding = 4; lastKnownFileType = sourcecode.c.c; path = nputils.c; sourceTree = "<group>"; };
		94FD7C96160B7587008AF095 /* nputils.h */ = {isa = PBXFileReference; fileEncoding = 4; lastKnownFileType = sourcecode.c.h; path = nputils.h; sourceTree = "<group>"; };
		94FF04B1161060E7004BDC66 /* nphttputil.h */ = {isa = PBXFileReference; fileEncoding = 4; lastKnownFileType = sourcecode.c.h; path = nphttputil.h; sourceTree = "<group>"; };
		94FF04B3161060F1004BDC66 /* nphttputil.c */ = {isa = PBXFileReference; fileEncoding = 4; lastKnownFileType = sourcecode.c.c; path = nphttputil.c; sourceTree = "<group>"; };
/* End PBXFileReference section */

/* Begin PBXFrameworksBuildPhase section */
		9480B4B116018361000A5CA7 /* Frameworks */ = {
			isa = PBXFrameworksBuildPhase;
			buildActionMask = 2147483647;
			files = (
				9480B4B816018361000A5CA7 /* Cocoa.framework in Frameworks */,
				9480B4DA160184CB000A5CA7 /* Adium.framework in Frameworks */,
				9480B4DB160184CB000A5CA7 /* AdiumLibpurple.framework in Frameworks */,
				9480B4DC160184CB000A5CA7 /* AIUtilities.framework in Frameworks */,
				9480B4DD160184CB000A5CA7 /* libglib.framework in Frameworks */,
				9480B4DE160184CB000A5CA7 /* libgmodule.framework in Frameworks */,
				9480B4DF160184CB000A5CA7 /* libintl.framework in Frameworks */,
				9480B4E0160184CB000A5CA7 /* libmeanwhile.framework in Frameworks */,
				94FA1C4D16018B4B00A910C0 /* libpurple.framework in Frameworks */,
				9425217E16121EEB00C15007 /* libjson-glib.framework in Frameworks */,
			);
			runOnlyForDeploymentPostprocessing = 0;
		};
/* End PBXFrameworksBuildPhase section */

/* Begin PBXGroup section */
		9430AB66160F92DE00332732 /* GTMStackTrace */ = {
			isa = PBXGroup;
			children = (
				9430AB67160F92DE00332732 /* GTMObjC2Runtime.h */,
				9430AB68160F92DF00332732 /* GTMObjC2Runtime.m */,
				9430AB69160F92DF00332732 /* GTMStackTrace.h */,
				9430AB6A160F92DF00332732 /* GTMStackTrace.m */,
			);
			path = GTMStackTrace;
			sourceTree = "<group>";
		};
		9448CE2216161A87008EDC62 /* yajl */ = {
			isa = PBXGroup;
			children = (
				9448CE2316161A87008EDC62 /* include */,
				9448CE2A16161A87008EDC62 /* src */,
			);
			path = yajl;
			sourceTree = "<group>";
		};
		9448CE2316161A87008EDC62 /* include */ = {
			isa = PBXGroup;
			children = (
				9448CE2416161A87008EDC62 /* yajl */,
			);
			path = include;
			sourceTree = "<group>";
		};
		9448CE2416161A87008EDC62 /* yajl */ = {
			isa = PBXGroup;
			children = (
				9448CE2516161A87008EDC62 /* yajl_common.h */,
				9448CE2616161A87008EDC62 /* yajl_gen.h */,
				9448CE2716161A87008EDC62 /* yajl_parse.h */,
				9448CE2816161A87008EDC62 /* yajl_tree.h */,
				9448CE2916161A87008EDC62 /* yajl_version.h */,
			);
			path = yajl;
			sourceTree = "<group>";
		};
		9448CE2A16161A87008EDC62 /* src */ = {
			isa = PBXGroup;
			children = (
				9448CE2B16161A87008EDC62 /* api */,
				9448CE3116161A87008EDC62 /* CMakeLists.txt */,
				9448CE3216161A87008EDC62 /* yajl */,
				9448CE3316161A87008EDC62 /* yajl.c */,
				9448CE3416161A87008EDC62 /* YAJL.dxy */,
				9448CE3516161A87008EDC62 /* yajl_alloc.c */,
				9448CE3616161A87008EDC62 /* yajl_alloc.h */,
				9448CE3716161A87008EDC62 /* yajl_buf.c */,
				9448CE3816161A87008EDC62 /* yajl_buf.h */,
				9448CE3916161A87008EDC62 /* yajl_bytestack.h */,
				9448CE3A16161A87008EDC62 /* yajl_encode.c */,
				9448CE3B16161A87008EDC62 /* yajl_encode.h */,
				9448CE3C16161A87008EDC62 /* yajl_gen.c */,
				9448CE3D16161A87008EDC62 /* yajl_lex.c */,
				9448CE3E16161A87008EDC62 /* yajl_lex.h */,
				9448CE3F16161A87008EDC62 /* yajl_parser.c */,
				9448CE4016161A87008EDC62 /* yajl_parser.h */,
				9448CE4116161A87008EDC62 /* yajl_tree.c */,
				9448CE4216161A87008EDC62 /* yajl_version.c */,
			);
			path = src;
			sourceTree = "<group>";
		};
		9448CE2B16161A87008EDC62 /* api */ = {
			isa = PBXGroup;
			children = (
				9448CE2C16161A87008EDC62 /* yajl_common.h */,
				9448CE2D16161A87008EDC62 /* yajl_gen.h */,
				9448CE2E16161A87008EDC62 /* yajl_parse.h */,
				9448CE2F16161A87008EDC62 /* yajl_tree.h */,
				9448CE3016161A87008EDC62 /* yajl_version.h.cmake */,
			);
			path = api;
			sourceTree = "<group>";
		};
		945D3B7316022CE600AF6E0C /* Resource */ = {
			isa = PBXGroup;
			children = (
				945D3B7B16022D1900AF6E0C /* PurpleDefaultsNiupai.plist */,
				945D3B7416022CE600AF6E0C /* Niupai-small.png */,
				945D3B7516022CE600AF6E0C /* Niupai.png */,
			);
			path = Resource;
			sourceTree = "<group>";
		};
		9480B4A916018361000A5CA7 = {
			isa = PBXGroup;
			children = (
				9430AB66160F92DE00332732 /* GTMStackTrace */,
				9491B319160E19F500C60A69 /* README.md */,
				94FA1C7F1601978100A910C0 /* libpidgin-niupai */,
				9480B4BD16018361000A5CA7 /* NiupaiOnAdium */,
				9480B4B616018361000A5CA7 /* Frameworks */,
				9480B4B516018361000A5CA7 /* Products */,
			);
			sourceTree = "<group>";
		};
		9480B4B516018361000A5CA7 /* Products */ = {
			isa = PBXGroup;
			children = (
				9480B4B416018361000A5CA7 /* NiupaiOnAdium.AdiumLibpurplePlugin */,
			);
			name = Products;
			sourceTree = "<group>";
		};
		9480B4B616018361000A5CA7 /* Frameworks */ = {
			isa = PBXGroup;
			children = (
				9480B4D1160184CB000A5CA7 /* Linked Framework */,
				9480B4B916018361000A5CA7 /* Other Frameworks */,
			);
			name = Frameworks;
			sourceTree = "<group>";
		};
		9480B4B916018361000A5CA7 /* Other Frameworks */ = {
			isa = PBXGroup;
			children = (
				9480B4B716018361000A5CA7 /* Cocoa.framework */,
				9480B4BA16018361000A5CA7 /* AppKit.framework */,
				9480B4BC16018361000A5CA7 /* Foundation.framework */,
			);
			name = "Other Frameworks";
			sourceTree = "<group>";
		};
		9480B4BD16018361000A5CA7 /* NiupaiOnAdium */ = {
			isa = PBXGroup;
			children = (
				9480B4D01601846D000A5CA7 /* code */,
				945D3B7316022CE600AF6E0C /* Resource */,
				9480B4BE16018361000A5CA7 /* Supporting Files */,
			);
			path = NiupaiOnAdium;
			sourceTree = "<group>";
		};
		9480B4BE16018361000A5CA7 /* Supporting Files */ = {
			isa = PBXGroup;
			children = (
				9480B4BF16018361000A5CA7 /* NiupaiOnAdium-Info.plist */,
				9480B4C016018361000A5CA7 /* InfoPlist.strings */,
				9480B4C316018361000A5CA7 /* NiupaiOnAdium-Prefix.pch */,
			);
			name = "Supporting Files";
			sourceTree = "<group>";
		};
		9480B4D01601846D000A5CA7 /* code */ = {
			isa = PBXGroup;
			children = (
				9480B4E816018772000A5CA7 /* NPAccount.h */,
				9480B4E916018772000A5CA7 /* NPAccount.m */,
				9480B4E516018533000A5CA7 /* NPService.h */,
				9480B4E616018533000A5CA7 /* NPService.m */,
				9480B4EB1601878A000A5CA7 /* NPPlugin.h */,
				9480B4EC1601878A000A5CA7 /* NPPlugin.m */,
			);
			path = code;
			sourceTree = "<group>";
		};
		9480B4D1160184CB000A5CA7 /* Linked Framework */ = {
			isa = PBXGroup;
			children = (
				9425217D16121EEB00C15007 /* libjson-glib.framework */,
				9480B4D6160184CB000A5CA7 /* libgmodule.framework */,
				94FA1C4C16018B4B00A910C0 /* libpurple.framework */,
				9480B4D2160184CB000A5CA7 /* Adium.framework */,
				9480B4D3160184CB000A5CA7 /* AdiumLibpurple.framework */,
				9480B4D4160184CB000A5CA7 /* AIUtilities.framework */,
				9480B4D5160184CB000A5CA7 /* libglib.framework */,
				9480B4D7160184CB000A5CA7 /* libintl.framework */,
				9480B4D8160184CB000A5CA7 /* libmeanwhile.framework */,
			);
			name = "Linked Framework";
			path = "NiupaiOnAdium/Linked Framework";
			sourceTree = "<group>";
		};
		94FA1C7F1601978100A910C0 /* libpidgin-niupai */ = {
			isa = PBXGroup;
			children = (
				9448CE2216161A87008EDC62 /* yajl */,
				94FD7C50160B6DEA008AF095 /* src */,
			);
			name = "libpidgin-niupai";
			path = "../libpidgin-niupai";
			sourceTree = "<group>";
		};
		94FD7C50160B6DEA008AF095 /* src */ = {
			isa = PBXGroup;
			children = (
				94FB360016199C4700F3567F /* nullprpl.c */,
				9430AB09160F262B00332732 /* memcpy_extra.c */,
				9430AB0C160F263800332732 /* memcpy_extra.h */,
				94FD7C52160B6DEA008AF095 /* buddy.c */,
				94FD7C53160B6DEA008AF095 /* buddy.h */,
				94FD7C54160B6DEA008AF095 /* buddy_list.c */,
				94FD7C55160B6DEA008AF095 /* buddy_list.h */,
				94FD7C8F160B6EEA008AF095 /* command.c */,
				94FD7C90160B6EEA008AF095 /* command.h */,
				94FD7C56160B6DEA008AF095 /* cmdproc.c */,
				94FD7C57160B6DEA008AF095 /* cmdproc.h */,
				94FD7C92160B715A008AF095 /* switchboard.c */,
				94FD7C93160B715A008AF095 /* switchboard.h */,
				94FD7C58160B6DEA008AF095 /* directconn.c */,
				94FD7C59160B6DEA008AF095 /* directconn.h */,
				94FD7C5A160B6DEA008AF095 /* error.c */,
				94FD7C5B160B6DEA008AF095 /* error.h */,
				94FD7C5C160B6DEA008AF095 /* group.c */,
				94FD7C5D160B6DEA008AF095 /* group.h */,
				94FD7C86160B6E15008AF095 /* history.c */,
				94FD7C87160B6E15008AF095 /* history.h */,
				94FD7C89160B6E23008AF095 /* msg.c */,
				94FD7C8A160B6E23008AF095 /* msg.h */,
				94FD7C60160B6DEA008AF095 /* libpurple */,
				94FD7C64160B6DEA008AF095 /* niupai.c */,
				94FD7C65160B6DEA008AF095 /* niupai.h */,
				94FD7C95160B7586008AF095 /* nputils.c */,
				94FD7C96160B7587008AF095 /* nputils.h */,
				94FF04B1161060E7004BDC66 /* nphttputil.h */,
				94FF04B3161060F1004BDC66 /* nphttputil.c */,
				94FD7C66160B6DEA008AF095 /* session.c */,
				94FD7C67160B6DEA008AF095 /* session.h */,
				94FD7C68160B6DEA008AF095 /* notification.c */,
				94FD7C69160B6DEA008AF095 /* notification.h */,
				94FD7C6A160B6DEA008AF095 /* npconfig.h */,
				94FD7C6B160B6DEA008AF095 /* servconn.c */,
				94FD7C6C160B6DEA008AF095 /* servconn.h */,
				94FD7C6D160B6DEA008AF095 /* state.c */,
				94FD7C6E160B6DEA008AF095 /* state.h */,
				94FD7C8C160B6E3B008AF095 /* table.c */,
				94FD7C8D160B6E3B008AF095 /* table.h */,
				94FD7C6F160B6DEA008AF095 /* transaction.c */,
				94FD7C70160B6DEA008AF095 /* transaction.h */,
				94FD7C71160B6DEA008AF095 /* user.c */,
				94FD7C72160B6DEA008AF095 /* user.h */,
				94FD7C73160B6DEA008AF095 /* userlist.c */,
				94FD7C74160B6DEA008AF095 /* userlist.h */,
			);
			path = src;
			sourceTree = "<group>";
		};
		94FD7C60160B6DEA008AF095 /* libpurple */ = {
			isa = PBXGroup;
			children = (
				94FD7C61160B6DEA008AF095 /* internal.h */,
			);
			path = libpurple;
			sourceTree = "<group>";
		};
/* End PBXGroup section */

/* Begin PBXNativeTarget section */
		9480B4B316018361000A5CA7 /* NiupaiOnAdium */ = {
			isa = PBXNativeTarget;
			buildConfigurationList = 9480B4C616018361000A5CA7 /* Build configuration list for PBXNativeTarget "NiupaiOnAdium" */;
			buildPhases = (
				9480B4B016018361000A5CA7 /* Sources */,
				9480B4B116018361000A5CA7 /* Frameworks */,
				9480B4B216018361000A5CA7 /* Resources */,
			);
			buildRules = (
			);
			dependencies = (
			);
			name = NiupaiOnAdium;
			productName = NiupaiOnAdium;
			productReference = 9480B4B416018361000A5CA7 /* NiupaiOnAdium.AdiumLibpurplePlugin */;
			productType = "com.apple.product-type.bundle";
		};
/* End PBXNativeTarget section */

/* Begin PBXProject section */
		9480B4AB16018361000A5CA7 /* Project object */ = {
			isa = PBXProject;
			attributes = {
				LastUpgradeCheck = 0440;
				ORGANIZATIONNAME = "Ryan Wang";
			};
			buildConfigurationList = 9480B4AE16018361000A5CA7 /* Build configuration list for PBXProject "NiupaiOnAdium" */;
			compatibilityVersion = "Xcode 3.2";
			developmentRegion = English;
			hasScannedForEncodings = 0;
			knownRegions = (
				en,
			);
			mainGroup = 9480B4A916018361000A5CA7;
			productRefGroup = 9480B4B516018361000A5CA7 /* Products */;
			projectDirPath = "";
			projectRoot = "";
			targets = (
				9480B4B316018361000A5CA7 /* NiupaiOnAdium */,
			);
		};
/* End PBXProject section */

/* Begin PBXResourcesBuildPhase section */
		9480B4B216018361000A5CA7 /* Resources */ = {
			isa = PBXResourcesBuildPhase;
			buildActionMask = 2147483647;
			files = (
				9480B4C216018361000A5CA7 /* InfoPlist.strings in Resources */,
				945D3B7616022CE600AF6E0C /* Niupai-small.png in Resources */,
				945D3B7716022CE600AF6E0C /* Niupai.png in Resources */,
				945D3B7C16022D1900AF6E0C /* PurpleDefaultsNiupai.plist in Resources */,
				9491B31A160E19F500C60A69 /* README.md in Resources */,
				9448CE4316161A88008EDC62 /* yajl_version.h.cmake in Resources */,
				9448CE4416161A88008EDC62 /* CMakeLists.txt in Resources */,
				9448CE4516161A88008EDC62 /* yajl in Resources */,
				9448CE4716161A88008EDC62 /* YAJL.dxy in Resources */,
			);
			runOnlyForDeploymentPostprocessing = 0;
		};
/* End PBXResourcesBuildPhase section */

/* Begin PBXSourcesBuildPhase section */
		9480B4B016018361000A5CA7 /* Sources */ = {
			isa = PBXSourcesBuildPhase;
			buildActionMask = 2147483647;
			files = (
				9480B4E716018533000A5CA7 /* NPService.m in Sources */,
				9480B4EA16018772000A5CA7 /* NPAccount.m in Sources */,
				9480B4ED1601878A000A5CA7 /* NPPlugin.m in Sources */,
				94FD7C76160B6DEA008AF095 /* buddy.c in Sources */,
				94FD7C77160B6DEA008AF095 /* buddy_list.c in Sources */,
				94FD7C78160B6DEA008AF095 /* cmdproc.c in Sources */,
				94FD7C79160B6DEA008AF095 /* directconn.c in Sources */,
				94FD7C7A160B6DEA008AF095 /* error.c in Sources */,
				94FD7C7B160B6DEA008AF095 /* group.c in Sources */,
				94FD7C7E160B6DEA008AF095 /* niupai.c in Sources */,
				94FD7C7F160B6DEA008AF095 /* session.c in Sources */,
				94FD7C80160B6DEA008AF095 /* notification.c in Sources */,
				94FD7C81160B6DEA008AF095 /* servconn.c in Sources */,
				94FD7C82160B6DEA008AF095 /* state.c in Sources */,
				94FD7C83160B6DEA008AF095 /* transaction.c in Sources */,
				94FD7C84160B6DEA008AF095 /* user.c in Sources */,
				94FD7C85160B6DEA008AF095 /* userlist.c in Sources */,
				94FD7C88160B6E15008AF095 /* history.c in Sources */,
				94FD7C8B160B6E23008AF095 /* msg.c in Sources */,
				94FD7C8E160B6E3B008AF095 /* table.c in Sources */,
				94FD7C91160B6EEA008AF095 /* command.c in Sources */,
				94FD7C94160B715B008AF095 /* switchboard.c in Sources */,
				94FD7C97160B7587008AF095 /* nputils.c in Sources */,
				9430AB0A160F262B00332732 /* memcpy_extra.c in Sources */,
				9430AB6B160F92DF00332732 /* GTMObjC2Runtime.m in Sources */,
				9430AB6C160F92DF00332732 /* GTMStackTrace.m in Sources */,
				94FF04B4161060F2004BDC66 /* nphttputil.c in Sources */,
				9448CE4616161A88008EDC62 /* yajl.c in Sources */,
				9448CE4816161A88008EDC62 /* yajl_alloc.c in Sources */,
				9448CE4916161A88008EDC62 /* yajl_buf.c in Sources */,
				9448CE4A16161A88008EDC62 /* yajl_encode.c in Sources */,
				9448CE4B16161A88008EDC62 /* yajl_gen.c in Sources */,
				9448CE4C16161A88008EDC62 /* yajl_lex.c in Sources */,
				9448CE4D16161A88008EDC62 /* yajl_parser.c in Sources */,
				9448CE4E16161A88008EDC62 /* yajl_tree.c in Sources */,
				9448CE4F16161A88008EDC62 /* yajl_version.c in Sources */,
				94FB360116199C4700F3567F /* nullprpl.c in Sources */,
			);
			runOnlyForDeploymentPostprocessing = 0;
		};
/* End PBXSourcesBuildPhase section */

/* Begin PBXVariantGroup section */
		9480B4C016018361000A5CA7 /* InfoPlist.strings */ = {
			isa = PBXVariantGroup;
			children = (
				9480B4C116018361000A5CA7 /* en */,
			);
			name = InfoPlist.strings;
			sourceTree = "<group>";
		};
/* End PBXVariantGroup section */

/* Begin XCBuildConfiguration section */
		9480B4C416018361000A5CA7 /* Debug */ = {
			isa = XCBuildConfiguration;
			buildSettings = {
				ALWAYS_SEARCH_USER_PATHS = NO;
				ARCHS = "$(ARCHS_STANDARD_64_BIT)";
				CLANG_CXX_LANGUAGE_STANDARD = "gnu++0x";
				CLANG_WARN__DUPLICATE_METHOD_MATCH = YES;
				COPY_PHASE_STRIP = NO;
				GCC_C_LANGUAGE_STANDARD = gnu99;
				GCC_DYNAMIC_NO_PIC = NO;
				GCC_ENABLE_OBJC_EXCEPTIONS = YES;
				GCC_OPTIMIZATION_LEVEL = 0;
				GCC_PREPROCESSOR_DEFINITIONS = (
					"DEBUG=1",
					"$(inherited)",
				);
				GCC_SYMBOLS_PRIVATE_EXTERN = NO;
				GCC_WARN_64_TO_32_BIT_CONVERSION = YES;
				GCC_WARN_ABOUT_RETURN_TYPE = YES;
				GCC_WARN_UNINITIALIZED_AUTOS = YES;
				GCC_WARN_UNUSED_VARIABLE = YES;
				MACOSX_DEPLOYMENT_TARGET = 10.8;
				ONLY_ACTIVE_ARCH = YES;
				SDKROOT = macosx;
			};
			name = Debug;
		};
		9480B4C516018361000A5CA7 /* Release */ = {
			isa = XCBuildConfiguration;
			buildSettings = {
				ALWAYS_SEARCH_USER_PATHS = NO;
				ARCHS = "$(ARCHS_STANDARD_64_BIT)";
				CLANG_CXX_LANGUAGE_STANDARD = "gnu++0x";
				CLANG_WARN__DUPLICATE_METHOD_MATCH = YES;
				COPY_PHASE_STRIP = YES;
				DEBUG_INFORMATION_FORMAT = "dwarf-with-dsym";
				GCC_C_LANGUAGE_STANDARD = gnu99;
				GCC_ENABLE_OBJC_EXCEPTIONS = YES;
				GCC_WARN_64_TO_32_BIT_CONVERSION = YES;
				GCC_WARN_ABOUT_RETURN_TYPE = YES;
				GCC_WARN_UNINITIALIZED_AUTOS = YES;
				GCC_WARN_UNUSED_VARIABLE = YES;
				MACOSX_DEPLOYMENT_TARGET = 10.8;
				SDKROOT = macosx;
			};
			name = Release;
		};
		9480B4C716018361000A5CA7 /* Debug */ = {
			isa = XCBuildConfiguration;
			buildSettings = {
				COMBINE_HIDPI_IMAGES = YES;
				DEBUG_INFORMATION_FORMAT = "dwarf-with-dsym";
				DEPLOYMENT_LOCATION = YES;
				DEPLOYMENT_POSTPROCESSING = YES;
				DSTROOT = "$(HOME)";
				FRAMEWORK_SEARCH_PATHS = (
					"$(inherited)",
					"\"$(SRCROOT)/NiupaiOnAdium/Linked Framework\"",
				);
				GCC_C_LANGUAGE_STANDARD = "compiler-default";
				GCC_PRECOMPILE_PREFIX_HEADER = YES;
				GCC_PREFIX_HEADER = "NiupaiOnAdium/NiupaiOnAdium-Prefix.pch";
				GCC_PREPROCESSOR_DEFINITIONS = (
					"DEBUG=1",
					"VERSION=\"\\\"r142\"\\\"",
				);
				HEADER_SEARCH_PATHS = (
					"\"$(SRCROOT)/NiupaiOnAdium/Linked Framework/libglib.framework/Headers\"",
					"\"$(SRCROOT)/NiupaiOnAdium/Linked Framework/libpurple.framework/Headers\"",
					"\"$(SRCROOT)/NiupaiOnAdium/Linked Framework/libjson-glib.framework/Headers\"",
					"\"$(SRCROOT)/../libpidgin-niupai/yajl/include\"",
				);
				INFOPLIST_FILE = "NiupaiOnAdium/NiupaiOnAdium-Info.plist";
				INSTALL_PATH = "/Library/Application Support/Adium 2.0/PlugIns/";
				MACOSX_DEPLOYMENT_TARGET = 10.7;
				PRODUCT_NAME = "$(TARGET_NAME)";
				SDKROOT = macosx10.7;
				WRAPPER_EXTENSION = AdiumLibpurplePlugin;
			};
			name = Debug;
		};
		9480B4C816018361000A5CA7 /* Release */ = {
			isa = XCBuildConfiguration;
			buildSettings = {
				COMBINE_HIDPI_IMAGES = YES;
				DEPLOYMENT_LOCATION = YES;
				DEPLOYMENT_POSTPROCESSING = YES;
				DSTROOT = "$(HOME)";
				FRAMEWORK_SEARCH_PATHS = (
					"$(inherited)",
					"\"$(SRCROOT)/NiupaiOnAdium/Linked Framework\"",
				);
				GCC_C_LANGUAGE_STANDARD = "compiler-default";
				GCC_PRECOMPILE_PREFIX_HEADER = YES;
				GCC_PREFIX_HEADER = "NiupaiOnAdium/NiupaiOnAdium-Prefix.pch";
				HEADER_SEARCH_PATHS = (
					"\"$(SRCROOT)/NiupaiOnAdium/Linked Framework/libglib.framework/Headers\"",
					"\"$(SRCROOT)/NiupaiOnAdium/Linked Framework/libpurple.framework/Headers\"",
					"\"$(SRCROOT)/NiupaiOnAdium/Linked Framework/libjson-glib.framework/Headers\"",
					"\"$(SRCROOT)/../libpidgin-niupai/yajl/include\"",
				);
				INFOPLIST_FILE = "NiupaiOnAdium/NiupaiOnAdium-Info.plist";
				INSTALL_PATH = "/Library/Application Support/Adium 2.0/PlugIns/";
				MACOSX_DEPLOYMENT_TARGET = 10.7;
				PRODUCT_NAME = "$(TARGET_NAME)";
				SDKROOT = macosx10.7;
				WRAPPER_EXTENSION = AdiumLibpurplePlugin;
			};
			name = Release;
		};
/* End XCBuildConfiguration section */

/* Begin XCConfigurationList section */
		9480B4AE16018361000A5CA7 /* Build configuration list for PBXProject "NiupaiOnAdium" */ = {
			isa = XCConfigurationList;
			buildConfigurations = (
				9480B4C416018361000A5CA7 /* Debug */,
				9480B4C516018361000A5CA7 /* Release */,
			);
			defaultConfigurationIsVisible = 0;
			defaultConfigurationName = Release;
		};
		9480B4C616018361000A5CA7 /* Build configuration list for PBXNativeTarget "NiupaiOnAdium" */ = {
			isa = XCConfigurationList;
			buildConfigurations = (
				9480B4C716018361000A5CA7 /* Debug */,
				9480B4C816018361000A5CA7 /* Release */,
			);
			defaultConfigurationIsVisible = 0;
			defaultConfigurationName = Release;
		};
/* End XCConfigurationList section */
	};
	rootObject = 9480B4AB16018361000A5CA7 /* Project object */;
}
